{
  "name": "it.maestrale.maeapp",
  "version": "1.0.0",
  "lockfileVersion": 3,
  "requires": true,
  "packages": {
    "": {
      "name": "it.maestrale.maeapp",
      "version": "1.0.0",
      "license": "Apache-2.0",
      "devDependencies": {
        "cordova-plugin-device": "^2.1.0",
        "cordova-plugin-file": "^8.0.1",
        "cordova-plugin-file-opener2": "^4.0.0",
        "cordova-plugin-file-transfer": "^2.0.0"
      }
    },
    "node_modules/cordova-plugin-device": {
      "version": "2.1.0",
      "resolved": "https://registry.npmjs.org/cordova-plugin-device/-/cordova-plugin-device-2.1.0.tgz",
      "integrity": "sha512-FU0Lw1jZpuKOgG4v80LrfMAOIMCGfAVPumn7AwaX9S1iU/X3OPZUyoKUgP09q4bxL35IeNPkqNWVKYduAXZ1sg==",
      "dev": true,
      "engines": {
        "cordovaDependencies": {
          "3.0.0": {
            "cordova": ">100",
            "cordova-electron": ">=3.0.0"
          }
        }
      }
    },
    "node_modules/cordova-plugin-file": {
      "version": "8.0.1",
      "resolved": "https://registry.npmjs.org/cordova-plugin-file/-/cordova-plugin-file-8.0.1.tgz",
      "integrity": "sha512-LgFLNQN58xguoJkNc8eGBmg/Vuaah9lY3Nye27OAfWCKalXPRjExIg5r8L3qlfiJxzmzupjrF0M4KdU2Lovm3Q==",
      "dev": true,
      "engines": {
        "cordovaDependencies": {
          "5.0.0": {
            "cordova-android": ">=6.3.0"
          },
          "7.0.0": {
            "cordova-android": ">=10.0.0"
          },
          "8.0.0": {
            "cordova-android": ">=12.0.0"
          },
          "9.0.0": {
            "cordova": ">100"
          }
        }
      }
    },
    "node_modules/cordova-plugin-file-opener2": {
      "version": "4.0.0",
      "resolved": "https://registry.npmjs.org/cordova-plugin-file-opener2/-/cordova-plugin-file-opener2-4.0.0.tgz",
      "integrity": "sha512-+O+MMldI2k5Kjoa62KXYxnZQIGE4k5VfoCmmOUmaV5XM6U6euiiKMfCkuMrOrdAFb1C5Jsx+SuBHbWx1NEB5lw==",
      "dev": true,
      "engines": {
        "cordovaDependencies": {
          "2.0.0": {
            "cordova": ">=6.0.0"
          },
          "3.0.0": {
            "cordova": ">=7.0.0"
          },
          "4.0.0": {
            "cordova-android": ">=10.0.0"
          }
        }
      }
    },
    "node_modules/cordova-plugin-file-transfer": {
      "version": "2.0.0",
      "resolved": "https://registry.npmjs.org/cordova-plugin-file-transfer/-/cordova-plugin-file-transfer-2.0.0.tgz",
      "integrity": "sha512-PPFM4+Gf5TQ1ttln2CxdrxH9JOcHBAuho2NQzLuCtXsb9X8Ivypz3cjpSgrAlWHwnk6OPvwo9DJ4GU2FXkGsrQ==",
      "dev": true,
      "engines": {
        "cordovaDependencies": {
          "2.0.0": {
            "cordova-android": ">=12.0.0"
          },
          "3.0.0": {
            "cordova": ">100"
          }
        }
      }
    }
  }
}
