
Microsoft Visual Studio Solution File, Format Version 12.00
# Visual Studio Version 17
VisualStudioVersion = 17.5.33516.290
MinimumVisualStudioVersion = 10.0.40219.1
Project("{2150E333-8FDC-42A3-9474-1A3956D46DE8}") = "Framework", "Framework", "{AE3E98DB-35C1-42D8-AB6D-DE37189DDAA1}"
EndProject
Project("{2150E333-8FDC-42A3-9474-1A3956D46DE8}") = "Tests", "Tests", "{91924145-7BAE-4F9B-B880-453E5DD90FE7}"
EndProject
Project("{9A19103F-16F7-4668-BE54-9A1E7A4F7556}") = "MIT.Fwk.Core", "Src\MIT.Fwk.Core\MIT.Fwk.Core.csproj", "{DF7DF2C6-F5A4-4004-96ED-5ED649B733DD}"
EndProject
Project("{9A19103F-16F7-4668-BE54-9A1E7A4F7556}") = "MIT.Fwk.WebApi", "Src\MIT.Fwk.WebApi\MIT.Fwk.WebApi.csproj", "{4A45DA53-B05B-4121-AD01-F60BD1DDC827}"
EndProject
Project("{9A19103F-16F7-4668-BE54-9A1E7A4F7556}") = "MIT.Fwk.Scheduler", "Src\MIT.Fwk.Scheduler\MIT.Fwk.Scheduler.csproj", "{D9743851-6091-4E9F-81F3-CFCE7D2C16D0}"
EndProject
Project("{9A19103F-16F7-4668-BE54-9A1E7A4F7556}") = "MIT.Fwk.Tests.WebApi", "Tests\MIT.Fwk.Tests.WebApi\MIT.Fwk.Tests.WebApi.csproj", "{7262EAF9-8763-4953-9569-F11CDE0544AD}"
EndProject
Project("{2150E333-8FDC-42A3-9474-1A3956D46DE8}") = "Extensions", "Extensions", "{827E0CD3-B72D-47B6-A68D-7590B98EB39B}"
EndProject
Project("{FAE04EC0-301F-11D3-BF4B-00C04F79EFBC}") = "MIT.Fwk.Infrastructure", "Src\MIT.Fwk.Infrastructure\MIT.Fwk.Infrastructure.csproj", "{46034C87-98A0-432B-B02E-FAB5D1827A5C}"
EndProject
Project("{FAE04EC0-301F-11D3-BF4B-00C04F79EFBC}") = "MIT.Fwk.Examples", "Src\MIT.Fwk.Examples\MIT.Fwk.Examples.csproj", "{905448EB-B5F8-4BF3-8A79-7BA66B084DB8}"
EndProject
Project("{FAE04EC0-301F-11D3-BF4B-00C04F79EFBC}") = "MIT.Fwk.Licensing", "Src\MIT.Fwk.Licensing\MIT.Fwk.Licensing.csproj", "{54439746-9587-1111-D70C-B3B1403B89EF}"
EndProject
Project("{2150E333-8FDC-42A3-9474-1A3956D46DE8}") = "DBFactory", "DBFactory", "{6C83A596-D32D-B35F-00DD-F0C99B673980}"
EndProject
Project("{FAE04EC0-301F-11D3-BF4B-00C04F79EFBC}") = "MIT.Fwk.CodeGenerator", "Src\MIT.Fwk.CodeGenerator\MIT.Fwk.CodeGenerator.csproj", "{A60B0E93-5062-1A37-6FC5-C189D1E0BF9C}"
EndProject
Global
	GlobalSection(SolutionConfigurationPlatforms) = preSolution
		CodeGenerator|Any CPU = CodeGenerator|Any CPU
		CodeGenerator|x64 = CodeGenerator|x64
		CodeGenerator|x86 = CodeGenerator|x86
		Debug|Any CPU = Debug|Any CPU
		Debug|x64 = Debug|x64
		Debug|x86 = Debug|x86
		DOCKER|Any CPU = DOCKER|Any CPU
		DOCKER|x64 = DOCKER|x64
		DOCKER|x86 = DOCKER|x86
		Release|Any CPU = Release|Any CPU
		Release|x64 = Release|x64
		Release|x86 = Release|x86
	EndGlobalSection
	GlobalSection(ProjectConfigurationPlatforms) = postSolution
		{DF7DF2C6-F5A4-4004-96ED-5ED649B733DD}.CodeGenerator|Any CPU.ActiveCfg = CodeGenerator|Any CPU
		{DF7DF2C6-F5A4-4004-96ED-5ED649B733DD}.CodeGenerator|x64.ActiveCfg = CodeGenerator|x64
		{DF7DF2C6-F5A4-4004-96ED-5ED649B733DD}.CodeGenerator|x64.Build.0 = CodeGenerator|x64
		{DF7DF2C6-F5A4-4004-96ED-5ED649B733DD}.CodeGenerator|x86.ActiveCfg = CodeGenerator|Any CPU
		{DF7DF2C6-F5A4-4004-96ED-5ED649B733DD}.CodeGenerator|x86.Build.0 = CodeGenerator|Any CPU
		{DF7DF2C6-F5A4-4004-96ED-5ED649B733DD}.Debug|Any CPU.ActiveCfg = Debug|Any CPU
		{DF7DF2C6-F5A4-4004-96ED-5ED649B733DD}.Debug|Any CPU.Build.0 = Debug|Any CPU
		{DF7DF2C6-F5A4-4004-96ED-5ED649B733DD}.Debug|x64.ActiveCfg = Debug|x64
		{DF7DF2C6-F5A4-4004-96ED-5ED649B733DD}.Debug|x64.Build.0 = Debug|x64
		{DF7DF2C6-F5A4-4004-96ED-5ED649B733DD}.Debug|x86.ActiveCfg = Debug|Any CPU
		{DF7DF2C6-F5A4-4004-96ED-5ED649B733DD}.Debug|x86.Build.0 = Debug|Any CPU
		{DF7DF2C6-F5A4-4004-96ED-5ED649B733DD}.DOCKER|Any CPU.ActiveCfg = DOCKER|Any CPU
		{DF7DF2C6-F5A4-4004-96ED-5ED649B733DD}.DOCKER|Any CPU.Build.0 = DOCKER|Any CPU
		{DF7DF2C6-F5A4-4004-96ED-5ED649B733DD}.DOCKER|x64.ActiveCfg = DOCKER|x64
		{DF7DF2C6-F5A4-4004-96ED-5ED649B733DD}.DOCKER|x64.Build.0 = DOCKER|x64
		{DF7DF2C6-F5A4-4004-96ED-5ED649B733DD}.DOCKER|x86.ActiveCfg = DOCKER|Any CPU
		{DF7DF2C6-F5A4-4004-96ED-5ED649B733DD}.DOCKER|x86.Build.0 = DOCKER|Any CPU
		{DF7DF2C6-F5A4-4004-96ED-5ED649B733DD}.Release|Any CPU.ActiveCfg = Release|Any CPU
		{DF7DF2C6-F5A4-4004-96ED-5ED649B733DD}.Release|Any CPU.Build.0 = Release|Any CPU
		{DF7DF2C6-F5A4-4004-96ED-5ED649B733DD}.Release|x64.ActiveCfg = Release|x64
		{DF7DF2C6-F5A4-4004-96ED-5ED649B733DD}.Release|x64.Build.0 = Release|x64
		{DF7DF2C6-F5A4-4004-96ED-5ED649B733DD}.Release|x86.ActiveCfg = Release|Any CPU
		{DF7DF2C6-F5A4-4004-96ED-5ED649B733DD}.Release|x86.Build.0 = Release|Any CPU
		{4A45DA53-B05B-4121-AD01-F60BD1DDC827}.CodeGenerator|Any CPU.ActiveCfg = CodeGenerator|Any CPU
		{4A45DA53-B05B-4121-AD01-F60BD1DDC827}.CodeGenerator|x64.ActiveCfg = CodeGenerator|x64
		{4A45DA53-B05B-4121-AD01-F60BD1DDC827}.CodeGenerator|x64.Build.0 = CodeGenerator|x64
		{4A45DA53-B05B-4121-AD01-F60BD1DDC827}.CodeGenerator|x86.ActiveCfg = CodeGenerator|Any CPU
		{4A45DA53-B05B-4121-AD01-F60BD1DDC827}.CodeGenerator|x86.Build.0 = CodeGenerator|Any CPU
		{4A45DA53-B05B-4121-AD01-F60BD1DDC827}.Debug|Any CPU.ActiveCfg = Debug|Any CPU
		{4A45DA53-B05B-4121-AD01-F60BD1DDC827}.Debug|Any CPU.Build.0 = Debug|Any CPU
		{4A45DA53-B05B-4121-AD01-F60BD1DDC827}.Debug|x64.ActiveCfg = Debug|x64
		{4A45DA53-B05B-4121-AD01-F60BD1DDC827}.Debug|x64.Build.0 = Debug|x64
		{4A45DA53-B05B-4121-AD01-F60BD1DDC827}.Debug|x86.ActiveCfg = Debug|Any CPU
		{4A45DA53-B05B-4121-AD01-F60BD1DDC827}.Debug|x86.Build.0 = Debug|Any CPU
		{4A45DA53-B05B-4121-AD01-F60BD1DDC827}.DOCKER|Any CPU.ActiveCfg = DOCKER|Any CPU
		{4A45DA53-B05B-4121-AD01-F60BD1DDC827}.DOCKER|Any CPU.Build.0 = DOCKER|Any CPU
		{4A45DA53-B05B-4121-AD01-F60BD1DDC827}.DOCKER|x64.ActiveCfg = DOCKER|x64
		{4A45DA53-B05B-4121-AD01-F60BD1DDC827}.DOCKER|x64.Build.0 = DOCKER|x64
		{4A45DA53-B05B-4121-AD01-F60BD1DDC827}.DOCKER|x86.ActiveCfg = DOCKER|Any CPU
		{4A45DA53-B05B-4121-AD01-F60BD1DDC827}.DOCKER|x86.Build.0 = DOCKER|Any CPU
		{4A45DA53-B05B-4121-AD01-F60BD1DDC827}.Release|Any CPU.ActiveCfg = Release|Any CPU
		{4A45DA53-B05B-4121-AD01-F60BD1DDC827}.Release|Any CPU.Build.0 = Release|Any CPU
		{4A45DA53-B05B-4121-AD01-F60BD1DDC827}.Release|x64.ActiveCfg = Release|x64
		{4A45DA53-B05B-4121-AD01-F60BD1DDC827}.Release|x64.Build.0 = Release|x64
		{4A45DA53-B05B-4121-AD01-F60BD1DDC827}.Release|x86.ActiveCfg = Release|Any CPU
		{4A45DA53-B05B-4121-AD01-F60BD1DDC827}.Release|x86.Build.0 = Release|Any CPU
		{D9743851-6091-4E9F-81F3-CFCE7D2C16D0}.CodeGenerator|Any CPU.ActiveCfg = CodeGenerator|Any CPU
		{D9743851-6091-4E9F-81F3-CFCE7D2C16D0}.CodeGenerator|x64.ActiveCfg = CodeGenerator|x64
		{D9743851-6091-4E9F-81F3-CFCE7D2C16D0}.CodeGenerator|x64.Build.0 = CodeGenerator|x64
		{D9743851-6091-4E9F-81F3-CFCE7D2C16D0}.CodeGenerator|x86.ActiveCfg = CodeGenerator|Any CPU
		{D9743851-6091-4E9F-81F3-CFCE7D2C16D0}.CodeGenerator|x86.Build.0 = CodeGenerator|Any CPU
		{D9743851-6091-4E9F-81F3-CFCE7D2C16D0}.Debug|Any CPU.ActiveCfg = Debug|Any CPU
		{D9743851-6091-4E9F-81F3-CFCE7D2C16D0}.Debug|Any CPU.Build.0 = Debug|Any CPU
		{D9743851-6091-4E9F-81F3-CFCE7D2C16D0}.Debug|x64.ActiveCfg = Debug|x64
		{D9743851-6091-4E9F-81F3-CFCE7D2C16D0}.Debug|x64.Build.0 = Debug|x64
		{D9743851-6091-4E9F-81F3-CFCE7D2C16D0}.Debug|x86.ActiveCfg = Debug|Any CPU
		{D9743851-6091-4E9F-81F3-CFCE7D2C16D0}.Debug|x86.Build.0 = Debug|Any CPU
		{D9743851-6091-4E9F-81F3-CFCE7D2C16D0}.DOCKER|Any CPU.ActiveCfg = DOCKER|Any CPU
		{D9743851-6091-4E9F-81F3-CFCE7D2C16D0}.DOCKER|Any CPU.Build.0 = DOCKER|Any CPU
		{D9743851-6091-4E9F-81F3-CFCE7D2C16D0}.DOCKER|x64.ActiveCfg = DOCKER|x64
		{D9743851-6091-4E9F-81F3-CFCE7D2C16D0}.DOCKER|x64.Build.0 = DOCKER|x64
		{D9743851-6091-4E9F-81F3-CFCE7D2C16D0}.DOCKER|x86.ActiveCfg = DOCKER|Any CPU
		{D9743851-6091-4E9F-81F3-CFCE7D2C16D0}.DOCKER|x86.Build.0 = DOCKER|Any CPU
		{D9743851-6091-4E9F-81F3-CFCE7D2C16D0}.Release|Any CPU.ActiveCfg = Release|Any CPU
		{D9743851-6091-4E9F-81F3-CFCE7D2C16D0}.Release|Any CPU.Build.0 = Release|Any CPU
		{D9743851-6091-4E9F-81F3-CFCE7D2C16D0}.Release|x64.ActiveCfg = Release|x64
		{D9743851-6091-4E9F-81F3-CFCE7D2C16D0}.Release|x64.Build.0 = Release|x64
		{D9743851-6091-4E9F-81F3-CFCE7D2C16D0}.Release|x86.ActiveCfg = Release|Any CPU
		{D9743851-6091-4E9F-81F3-CFCE7D2C16D0}.Release|x86.Build.0 = Release|Any CPU
		{7262EAF9-8763-4953-9569-F11CDE0544AD}.CodeGenerator|Any CPU.ActiveCfg = CodeGenerator|Any CPU
		{7262EAF9-8763-4953-9569-F11CDE0544AD}.CodeGenerator|x64.ActiveCfg = CodeGenerator|x64
		{7262EAF9-8763-4953-9569-F11CDE0544AD}.CodeGenerator|x64.Build.0 = CodeGenerator|x64
		{7262EAF9-8763-4953-9569-F11CDE0544AD}.CodeGenerator|x86.ActiveCfg = CodeGenerator|Any CPU
		{7262EAF9-8763-4953-9569-F11CDE0544AD}.CodeGenerator|x86.Build.0 = CodeGenerator|Any CPU
		{7262EAF9-8763-4953-9569-F11CDE0544AD}.Debug|Any CPU.ActiveCfg = Debug|Any CPU
		{7262EAF9-8763-4953-9569-F11CDE0544AD}.Debug|Any CPU.Build.0 = Debug|Any CPU
		{7262EAF9-8763-4953-9569-F11CDE0544AD}.Debug|x64.ActiveCfg = Debug|x64
		{7262EAF9-8763-4953-9569-F11CDE0544AD}.Debug|x64.Build.0 = Debug|x64
		{7262EAF9-8763-4953-9569-F11CDE0544AD}.Debug|x86.ActiveCfg = Debug|Any CPU
		{7262EAF9-8763-4953-9569-F11CDE0544AD}.Debug|x86.Build.0 = Debug|Any CPU
		{7262EAF9-8763-4953-9569-F11CDE0544AD}.DOCKER|Any CPU.ActiveCfg = Debug|Any CPU
		{7262EAF9-8763-4953-9569-F11CDE0544AD}.DOCKER|Any CPU.Build.0 = Debug|Any CPU
		{7262EAF9-8763-4953-9569-F11CDE0544AD}.DOCKER|x64.ActiveCfg = Release|x64
		{7262EAF9-8763-4953-9569-F11CDE0544AD}.DOCKER|x64.Build.0 = Release|x64
		{7262EAF9-8763-4953-9569-F11CDE0544AD}.DOCKER|x86.ActiveCfg = DOCKER|Any CPU
		{7262EAF9-8763-4953-9569-F11CDE0544AD}.DOCKER|x86.Build.0 = DOCKER|Any CPU
		{7262EAF9-8763-4953-9569-F11CDE0544AD}.Release|Any CPU.ActiveCfg = Release|Any CPU
		{7262EAF9-8763-4953-9569-F11CDE0544AD}.Release|Any CPU.Build.0 = Release|Any CPU
		{7262EAF9-8763-4953-9569-F11CDE0544AD}.Release|x64.ActiveCfg = Release|x64
		{7262EAF9-8763-4953-9569-F11CDE0544AD}.Release|x64.Build.0 = Release|x64
		{7262EAF9-8763-4953-9569-F11CDE0544AD}.Release|x86.ActiveCfg = Release|Any CPU
		{7262EAF9-8763-4953-9569-F11CDE0544AD}.Release|x86.Build.0 = Release|Any CPU
		{46034C87-98A0-432B-B02E-FAB5D1827A5C}.CodeGenerator|Any CPU.ActiveCfg = CodeGenerator|Any CPU
		{46034C87-98A0-432B-B02E-FAB5D1827A5C}.CodeGenerator|x64.ActiveCfg = CodeGenerator|x64
		{46034C87-98A0-432B-B02E-FAB5D1827A5C}.CodeGenerator|x64.Build.0 = CodeGenerator|x64
		{46034C87-98A0-432B-B02E-FAB5D1827A5C}.CodeGenerator|x86.ActiveCfg = CodeGenerator|Any CPU
		{46034C87-98A0-432B-B02E-FAB5D1827A5C}.CodeGenerator|x86.Build.0 = CodeGenerator|Any CPU
		{46034C87-98A0-432B-B02E-FAB5D1827A5C}.Debug|Any CPU.ActiveCfg = Debug|Any CPU
		{46034C87-98A0-432B-B02E-FAB5D1827A5C}.Debug|Any CPU.Build.0 = Debug|Any CPU
		{46034C87-98A0-432B-B02E-FAB5D1827A5C}.Debug|x64.ActiveCfg = Debug|x64
		{46034C87-98A0-432B-B02E-FAB5D1827A5C}.Debug|x64.Build.0 = Debug|x64
		{46034C87-98A0-432B-B02E-FAB5D1827A5C}.Debug|x86.ActiveCfg = Debug|Any CPU
		{46034C87-98A0-432B-B02E-FAB5D1827A5C}.Debug|x86.Build.0 = Debug|Any CPU
		{46034C87-98A0-432B-B02E-FAB5D1827A5C}.DOCKER|Any CPU.ActiveCfg = DOCKER|Any CPU
		{46034C87-98A0-432B-B02E-FAB5D1827A5C}.DOCKER|Any CPU.Build.0 = DOCKER|Any CPU
		{46034C87-98A0-432B-B02E-FAB5D1827A5C}.DOCKER|x64.ActiveCfg = DOCKER|x64
		{46034C87-98A0-432B-B02E-FAB5D1827A5C}.DOCKER|x64.Build.0 = DOCKER|x64
		{46034C87-98A0-432B-B02E-FAB5D1827A5C}.DOCKER|x86.ActiveCfg = DOCKER|Any CPU
		{46034C87-98A0-432B-B02E-FAB5D1827A5C}.DOCKER|x86.Build.0 = DOCKER|Any CPU
		{46034C87-98A0-432B-B02E-FAB5D1827A5C}.Release|Any CPU.ActiveCfg = Release|Any CPU
		{46034C87-98A0-432B-B02E-FAB5D1827A5C}.Release|Any CPU.Build.0 = Release|Any CPU
		{46034C87-98A0-432B-B02E-FAB5D1827A5C}.Release|x64.ActiveCfg = Release|x64
		{46034C87-98A0-432B-B02E-FAB5D1827A5C}.Release|x64.Build.0 = Release|x64
		{46034C87-98A0-432B-B02E-FAB5D1827A5C}.Release|x86.ActiveCfg = Release|Any CPU
		{46034C87-98A0-432B-B02E-FAB5D1827A5C}.Release|x86.Build.0 = Release|Any CPU
		{905448EB-B5F8-4BF3-8A79-7BA66B084DB8}.CodeGenerator|Any CPU.ActiveCfg = CodeGenerator|Any CPU
		{905448EB-B5F8-4BF3-8A79-7BA66B084DB8}.CodeGenerator|x64.ActiveCfg = CodeGenerator|x64
		{905448EB-B5F8-4BF3-8A79-7BA66B084DB8}.CodeGenerator|x64.Build.0 = CodeGenerator|x64
		{905448EB-B5F8-4BF3-8A79-7BA66B084DB8}.CodeGenerator|x86.ActiveCfg = CodeGenerator|Any CPU
		{905448EB-B5F8-4BF3-8A79-7BA66B084DB8}.CodeGenerator|x86.Build.0 = CodeGenerator|Any CPU
		{905448EB-B5F8-4BF3-8A79-7BA66B084DB8}.Debug|Any CPU.ActiveCfg = Debug|Any CPU
		{905448EB-B5F8-4BF3-8A79-7BA66B084DB8}.Debug|Any CPU.Build.0 = Debug|Any CPU
		{905448EB-B5F8-4BF3-8A79-7BA66B084DB8}.Debug|x64.ActiveCfg = Debug|x64
		{905448EB-B5F8-4BF3-8A79-7BA66B084DB8}.Debug|x64.Build.0 = Debug|x64
		{905448EB-B5F8-4BF3-8A79-7BA66B084DB8}.Debug|x86.ActiveCfg = Debug|Any CPU
		{905448EB-B5F8-4BF3-8A79-7BA66B084DB8}.Debug|x86.Build.0 = Debug|Any CPU
		{905448EB-B5F8-4BF3-8A79-7BA66B084DB8}.DOCKER|Any CPU.ActiveCfg = DOCKER|Any CPU
		{905448EB-B5F8-4BF3-8A79-7BA66B084DB8}.DOCKER|Any CPU.Build.0 = DOCKER|Any CPU
		{905448EB-B5F8-4BF3-8A79-7BA66B084DB8}.DOCKER|x64.ActiveCfg = DOCKER|x64
		{905448EB-B5F8-4BF3-8A79-7BA66B084DB8}.DOCKER|x64.Build.0 = DOCKER|x64
		{905448EB-B5F8-4BF3-8A79-7BA66B084DB8}.DOCKER|x86.ActiveCfg = DOCKER|Any CPU
		{905448EB-B5F8-4BF3-8A79-7BA66B084DB8}.DOCKER|x86.Build.0 = DOCKER|Any CPU
		{905448EB-B5F8-4BF3-8A79-7BA66B084DB8}.Release|Any CPU.ActiveCfg = Release|Any CPU
		{905448EB-B5F8-4BF3-8A79-7BA66B084DB8}.Release|Any CPU.Build.0 = Release|Any CPU
		{905448EB-B5F8-4BF3-8A79-7BA66B084DB8}.Release|x64.ActiveCfg = Release|x64
		{905448EB-B5F8-4BF3-8A79-7BA66B084DB8}.Release|x64.Build.0 = Release|x64
		{905448EB-B5F8-4BF3-8A79-7BA66B084DB8}.Release|x86.ActiveCfg = Release|Any CPU
		{905448EB-B5F8-4BF3-8A79-7BA66B084DB8}.Release|x86.Build.0 = Release|Any CPU
		{54439746-9587-1111-D70C-B3B1403B89EF}.CodeGenerator|Any CPU.ActiveCfg = CodeGenerator|Any CPU
		{54439746-9587-1111-D70C-B3B1403B89EF}.CodeGenerator|x64.ActiveCfg = CodeGenerator|Any CPU
		{54439746-9587-1111-D70C-B3B1403B89EF}.CodeGenerator|x64.Build.0 = CodeGenerator|Any CPU
		{54439746-9587-1111-D70C-B3B1403B89EF}.CodeGenerator|x86.ActiveCfg = CodeGenerator|Any CPU
		{54439746-9587-1111-D70C-B3B1403B89EF}.CodeGenerator|x86.Build.0 = CodeGenerator|Any CPU
		{54439746-9587-1111-D70C-B3B1403B89EF}.Debug|Any CPU.ActiveCfg = Debug|Any CPU
		{54439746-9587-1111-D70C-B3B1403B89EF}.Debug|Any CPU.Build.0 = Debug|Any CPU
		{54439746-9587-1111-D70C-B3B1403B89EF}.Debug|x64.ActiveCfg = Debug|Any CPU
		{54439746-9587-1111-D70C-B3B1403B89EF}.Debug|x64.Build.0 = Debug|Any CPU
		{54439746-9587-1111-D70C-B3B1403B89EF}.Debug|x86.ActiveCfg = Debug|Any CPU
		{54439746-9587-1111-D70C-B3B1403B89EF}.Debug|x86.Build.0 = Debug|Any CPU
		{54439746-9587-1111-D70C-B3B1403B89EF}.DOCKER|Any CPU.ActiveCfg = DOCKER|Any CPU
		{54439746-9587-1111-D70C-B3B1403B89EF}.DOCKER|Any CPU.Build.0 = DOCKER|Any CPU
		{54439746-9587-1111-D70C-B3B1403B89EF}.DOCKER|x64.ActiveCfg = DOCKER|Any CPU
		{54439746-9587-1111-D70C-B3B1403B89EF}.DOCKER|x64.Build.0 = DOCKER|Any CPU
		{54439746-9587-1111-D70C-B3B1403B89EF}.DOCKER|x86.ActiveCfg = DOCKER|Any CPU
		{54439746-9587-1111-D70C-B3B1403B89EF}.DOCKER|x86.Build.0 = DOCKER|Any CPU
		{54439746-9587-1111-D70C-B3B1403B89EF}.Release|Any CPU.ActiveCfg = Release|Any CPU
		{54439746-9587-1111-D70C-B3B1403B89EF}.Release|Any CPU.Build.0 = Release|Any CPU
		{54439746-9587-1111-D70C-B3B1403B89EF}.Release|x64.ActiveCfg = Release|Any CPU
		{54439746-9587-1111-D70C-B3B1403B89EF}.Release|x64.Build.0 = Release|Any CPU
		{54439746-9587-1111-D70C-B3B1403B89EF}.Release|x86.ActiveCfg = Release|Any CPU
		{54439746-9587-1111-D70C-B3B1403B89EF}.Release|x86.Build.0 = Release|Any CPU
		{A60B0E93-5062-1A37-6FC5-C189D1E0BF9C}.CodeGenerator|Any CPU.ActiveCfg = CodeGenerator|Any CPU
		{A60B0E93-5062-1A37-6FC5-C189D1E0BF9C}.CodeGenerator|Any CPU.Build.0 = CodeGenerator|Any CPU
		{A60B0E93-5062-1A37-6FC5-C189D1E0BF9C}.CodeGenerator|x64.ActiveCfg = CodeGenerator|Any CPU
		{A60B0E93-5062-1A37-6FC5-C189D1E0BF9C}.CodeGenerator|x64.Build.0 = CodeGenerator|Any CPU
		{A60B0E93-5062-1A37-6FC5-C189D1E0BF9C}.CodeGenerator|x86.ActiveCfg = CodeGenerator|Any CPU
		{A60B0E93-5062-1A37-6FC5-C189D1E0BF9C}.CodeGenerator|x86.Build.0 = CodeGenerator|Any CPU
		{A60B0E93-5062-1A37-6FC5-C189D1E0BF9C}.Debug|Any CPU.ActiveCfg = Debug|Any CPU
		{A60B0E93-5062-1A37-6FC5-C189D1E0BF9C}.Debug|Any CPU.Build.0 = Debug|Any CPU
		{A60B0E93-5062-1A37-6FC5-C189D1E0BF9C}.Debug|x64.ActiveCfg = Debug|Any CPU
		{A60B0E93-5062-1A37-6FC5-C189D1E0BF9C}.Debug|x64.Build.0 = Debug|Any CPU
		{A60B0E93-5062-1A37-6FC5-C189D1E0BF9C}.Debug|x86.ActiveCfg = Debug|Any CPU
		{A60B0E93-5062-1A37-6FC5-C189D1E0BF9C}.Debug|x86.Build.0 = Debug|Any CPU
		{A60B0E93-5062-1A37-6FC5-C189D1E0BF9C}.DOCKER|Any CPU.ActiveCfg = Release|Any CPU
		{A60B0E93-5062-1A37-6FC5-C189D1E0BF9C}.DOCKER|Any CPU.Build.0 = Release|Any CPU
		{A60B0E93-5062-1A37-6FC5-C189D1E0BF9C}.DOCKER|x64.ActiveCfg = Release|Any CPU
		{A60B0E93-5062-1A37-6FC5-C189D1E0BF9C}.DOCKER|x64.Build.0 = Release|Any CPU
		{A60B0E93-5062-1A37-6FC5-C189D1E0BF9C}.DOCKER|x86.ActiveCfg = Release|Any CPU
		{A60B0E93-5062-1A37-6FC5-C189D1E0BF9C}.DOCKER|x86.Build.0 = Release|Any CPU
		{A60B0E93-5062-1A37-6FC5-C189D1E0BF9C}.Release|Any CPU.ActiveCfg = Release|Any CPU
		{A60B0E93-5062-1A37-6FC5-C189D1E0BF9C}.Release|x64.ActiveCfg = Release|Any CPU
		{A60B0E93-5062-1A37-6FC5-C189D1E0BF9C}.Release|x64.Build.0 = Release|Any CPU
		{A60B0E93-5062-1A37-6FC5-C189D1E0BF9C}.Release|x86.ActiveCfg = Release|Any CPU
		{A60B0E93-5062-1A37-6FC5-C189D1E0BF9C}.Release|x86.Build.0 = Release|Any CPU
	EndGlobalSection
	GlobalSection(SolutionProperties) = preSolution
		HideSolutionNode = FALSE
	EndGlobalSection
	GlobalSection(NestedProjects) = preSolution
		{DF7DF2C6-F5A4-4004-96ED-5ED649B733DD} = {AE3E98DB-35C1-42D8-AB6D-DE37189DDAA1}
		{4A45DA53-B05B-4121-AD01-F60BD1DDC827} = {AE3E98DB-35C1-42D8-AB6D-DE37189DDAA1}
		{D9743851-6091-4E9F-81F3-CFCE7D2C16D0} = {AE3E98DB-35C1-42D8-AB6D-DE37189DDAA1}
		{7262EAF9-8763-4953-9569-F11CDE0544AD} = {91924145-7BAE-4F9B-B880-453E5DD90FE7}
		{46034C87-98A0-432B-B02E-FAB5D1827A5C} = {AE3E98DB-35C1-42D8-AB6D-DE37189DDAA1}
		{905448EB-B5F8-4BF3-8A79-7BA66B084DB8} = {827E0CD3-B72D-47B6-A68D-7590B98EB39B}
		{54439746-9587-1111-D70C-B3B1403B89EF} = {AE3E98DB-35C1-42D8-AB6D-DE37189DDAA1}
		{A60B0E93-5062-1A37-6FC5-C189D1E0BF9C} = {6C83A596-D32D-B35F-00DD-F0C99B673980}
	EndGlobalSection
	GlobalSection(ExtensibilityGlobals) = postSolution
		SolutionGuid = {8990566E-F93B-4D75-8316-62583B9BBFA3}
	EndGlobalSection
EndGlobal
